// !$*UTF8*$!
{
	archiveVersion = 1;
	classes = {
	};
	objectVersion = 50;
	objects = {

/* Begin PBXBuildFile section */
		15004C7A239F302C004339CA /* AppDelegate.swift in Sources */ = {isa = PBXBuildFile; fileRef = 15004C79239F302C004339CA /* AppDelegate.swift */; };
		15004C7C239F302C004339CA /* ViewController.swift in Sources */ = {isa = PBXBuildFile; fileRef = 15004C7B239F302C004339CA /* ViewController.swift */; };
		15004C7F239F302C004339CA /* Main.storyboard in Resources */ = {isa = PBXBuildFile; fileRef = 15004C7D239F302C004339CA /* Main.storyboard */; };
		15004C81239F302E004339CA /* Assets.xcassets in Resources */ = {isa = PBXBuildFile; fileRef = 15004C80239F302E004339CA /* Assets.xcassets */; };
		15004C84239F302E004339CA /* LaunchScreen.storyboard in Resources */ = {isa = PBXBuildFile; fileRef = 15004C82239F302E004339CA /* LaunchScreen.storyboard */; };
		15004C8F239F302E004339CA /* SampleTests.swift in Sources */ = {isa = PBXBuildFile; fileRef = 15004C8E239F302E004339CA /* SampleTests.swift */; };
		15004C9A239F302E004339CA /* SampleUITests.swift in Sources */ = {isa = PBXBuildFile; fileRef = 15004C99239F302E004339CA /* SampleUITests.swift */; };
		15004CA8239F551A004339CA /* RatingControler.swift in Sources */ = {isa = PBXBuildFile; fileRef = 15004CA7239F551A004339CA /* RatingControler.swift */; };
		15D4595723A0818A001B7C65 /* Meal.swift in Sources */ = {isa = PBXBuildFile; fileRef = 15D4595623A0818A001B7C65 /* Meal.swift */; };
		15D4595B23A0A08E001B7C65 /* MealTableViewCell.swift in Sources */ = {isa = PBXBuildFile; fileRef = 15D4595A23A0A08E001B7C65 /* MealTableViewCell.swift */; };
/* End PBXBuildFile section */

/* Begin PBXContainerItemProxy section */
		15004C8B239F302E004339CA /* PBXContainerItemProxy */ = {
			isa = PBXContainerItemProxy;
			containerPortal = 15004C6E239F302C004339CA /* Project object */;
			proxyType = 1;
			remoteGlobalIDString = 15004C75239F302C004339CA;
			remoteInfo = Sample;
		};
		15004C96239F302E004339CA /* PBXContainerItemProxy */ = {
			isa = PBXContainerItemProxy;
			containerPortal = 15004C6E239F302C004339CA /* Project object */;
			proxyType = 1;
			remoteGlobalIDString = 15004C75239F302C004339CA;
			remoteInfo = Sample;
		};
/* End PBXContainerItemProxy section */

/* Begin PBXFileReference section */
		15004C76239F302C004339CA /* Sample.app */ = {isa = PBXFileReference; explicitFileType = wrapper.application; includeInIndex = 0; path = Sample.app; sourceTree = BUILT_PRODUCTS_DIR; };
		15004C79239F302C004339CA /* AppDelegate.swift */ = {isa = PBXFileReference; lastKnownFileType = sourcecode.swift; path = AppDelegate.swift; sourceTree = "<group>"; };
		15004C7B239F302C004339CA /* ViewController.swift */ = {isa = PBXFileReference; lastKnownFileType = sourcecode.swift; path = ViewController.swift; sourceTree = "<group>"; };
		15004C7E239F302C004339CA /* Base */ = {isa = PBXFileReference; lastKnownFileType = file.storyboard; name = Base; path = Base.lproj/Main.storyboard; sourceTree = "<group>"; };
		15004C80239F302E004339CA /* Assets.xcassets */ = {isa = PBXFileReference; lastKnownFileType = folder.assetcatalog; path = Assets.xcassets; sourceTree = "<group>"; };
		15004C83239F302E004339CA /* Base */ = {isa = PBXFileReference; lastKnownFileType = file.storyboard; name = Base; path = Base.lproj/LaunchScreen.storyboard; sourceTree = "<group>"; };
		15004C85239F302E004339CA /* Info.plist */ = {isa = PBXFileReference; lastKnownFileType = text.plist.xml; path = Info.plist; sourceTree = "<group>"; };
		15004C8A239F302E004339CA /* SampleTests.xctest */ = {isa = PBXFileReference; explicitFileType = wrapper.cfbundle; includeInIndex = 0; path = SampleTests.xctest; sourceTree = BUILT_PRODUCTS_DIR; };
		15004C8E239F302E004339CA /* SampleTests.swift */ = {isa = PBXFileReference; lastKnownFileType = sourcecode.swift; path = SampleTests.swift; sourceTree = "<group>"; };
		15004C90239F302E004339CA /* Info.plist */ = {isa = PBXFileReference; lastKnownFileType = text.plist.xml; path = Info.plist; sourceTree = "<group>"; };
		15004C95239F302E004339CA /* SampleUITests.xctest */ = {isa = PBXFileReference; explicitFileType = wrapper.cfbundle; includeInIndex = 0; path = SampleUITests.xctest; sourceTree = BUILT_PRODUCTS_DIR; };
		15004C99239F302E004339CA /* SampleUITests.swift */ = {isa = PBXFileReference; lastKnownFileType = sourcecode.swift; path = SampleUITests.swift; sourceTree = "<group>"; };
		15004C9B239F302E004339CA /* Info.plist */ = {isa = PBXFileReference; lastKnownFileType = text.plist.xml; path = Info.plist; sourceTree = "<group>"; };
		15004CA7239F551A004339CA /* RatingControler.swift */ = {isa = PBXFileReference; lastKnownFileType = sourcecode.swift; path = RatingControler.swift; sourceTree = "<group>"; };
		15D4595623A0818A001B7C65 /* Meal.swift */ = {isa = PBXFileReference; lastKnownFileType = sourcecode.swift; path = Meal.swift; sourceTree = "<group>"; };
		15D4595A23A0A08E001B7C65 /* MealTableViewCell.swift */ = {isa = PBXFileReference; lastKnownFileType = sourcecode.swift; path = MealTableViewCell.swift; sourceTree = "<group>"; };
/* End PBXFileReference section */

/* Begin PBXFrameworksBuildPhase section */
		15004C73239F302C004339CA /* Frameworks */ = {
			isa = PBXFrameworksBuildPhase;
			buildActionMask = 2147483647;
			files = (
			);
			runOnlyForDeploymentPostprocessing = 0;
		};
		15004C87239F302E004339CA /* Frameworks */ = {
			isa = PBXFrameworksBuildPhase;
			buildActionMask = 2147483647;
			files = (
			);
			runOnlyForDeploymentPostprocessing = 0;
		};
		15004C92239F302E004339CA /* Frameworks */ = {
			isa = PBXFrameworksBuildPhase;
			buildActionMask = 2147483647;
			files = (
			);
			runOnlyForDeploymentPostprocessing = 0;
		};
/* End PBXFrameworksBuildPhase section */

/* Begin PBXGroup section */
		15004C6D239F302C004339CA = {
			isa = PBXGroup;
			children = (
				15004C78239F302C004339CA /* Sample */,
				15004C8D239F302E004339CA /* SampleTests */,
				15004C98239F302E004339CA /* SampleUITests */,
				15004C77239F302C004339CA /* Products */,
			);
			sourceTree = "<group>";
		};
		15004C77239F302C004339CA /* Products */ = {
			isa = PBXGroup;
			children = (
				15004C76239F302C004339CA /* Sample.app */,
				15004C8A239F302E004339CA /* SampleTests.xctest */,
				15004C95239F302E004339CA /* SampleUITests.xctest */,
			);
			name = Products;
			sourceTree = "<group>";
		};
		15004C78239F302C004339CA /* Sample */ = {
			isa = PBXGroup;
			children = (
				15004C79239F302C004339CA /* AppDelegate.swift */,
				15004C7B239F302C004339CA /* ViewController.swift */,
				15004CA7239F551A004339CA /* RatingControler.swift */,
				15004C7D239F302C004339CA /* Main.storyboard */,
				15004C80239F302E004339CA /* Assets.xcassets */,
				15004C82239F302E004339CA /* LaunchScreen.storyboard */,
				15004C85239F302E004339CA /* Info.plist */,
				15D4595623A0818A001B7C65 /* Meal.swift */,
				15D4595A23A0A08E001B7C65 /* MealTableViewCell.swift */,
			);
			path = Sample;
			sourceTree = "<group>";
		};
		15004C8D239F302E004339CA /* SampleTests */ = {
			isa = PBXGroup;
			children = (
				15004C8E239F302E004339CA /* SampleTests.swift */,
				15004C90239F302E004339CA /* Info.plist */,
			);
			path = SampleTests;
			sourceTree = "<group>";
		};
		15004C98239F302E004339CA /* SampleUITests */ = {
			isa = PBXGroup;
			children = (
				15004C99239F302E004339CA /* SampleUITests.swift */,
				15004C9B239F302E004339CA /* Info.plist */,
			);
			path = SampleUITests;
			sourceTree = "<group>";
		};
/* End PBXGroup section */

/* Begin PBXNativeTarget section */
		15004C75239F302C004339CA /* Sample */ = {
			isa = PBXNativeTarget;
			buildConfigurationList = 15004C9E239F302E004339CA /* Build configuration list for PBXNativeTarget "Sample" */;
			buildPhases = (
				15004C72239F302C004339CA /* Sources */,
				15004C73239F302C004339CA /* Frameworks */,
				15004C74239F302C004339CA /* Resources */,
			);
			buildRules = (
			);
			dependencies = (
			);
			name = Sample;
			productName = Sample;
			productReference = 15004C76239F302C004339CA /* Sample.app */;
			productType = "com.apple.product-type.application";
		};
		15004C89239F302E004339CA /* SampleTests */ = {
			isa = PBXNativeTarget;
			buildConfigurationList = 15004CA1239F302E004339CA /* Build configuration list for PBXNativeTarget "SampleTests" */;
			buildPhases = (
				15004C86239F302E004339CA /* Sources */,
				15004C87239F302E004339CA /* Frameworks */,
				15004C88239F302E004339CA /* Resources */,
			);
			buildRules = (
			);
			dependencies = (
				15004C8C239F302E004339CA /* PBXTargetDependency */,
			);
			name = SampleTests;
			productName = SampleTests;
			productReference = 15004C8A239F302E004339CA /* SampleTests.xctest */;
			productType = "com.apple.product-type.bundle.unit-test";
		};
		15004C94239F302E004339CA /* SampleUITests */ = {
			isa = PBXNativeTarget;
			buildConfigurationList = 15004CA4239F302E004339CA /* Build configuration list for PBXNativeTarget "SampleUITests" */;
			buildPhases = (
				15004C91239F302E004339CA /* Sources */,
				15004C92239F302E004339CA /* Frameworks */,
				15004C93239F302E004339CA /* Resources */,
			);
			buildRules = (
			);
			dependencies = (
				15004C97239F302E004339CA /* PBXTargetDependency */,
			);
			name = SampleUITests;
			productName = SampleUITests;
			productReference = 15004C95239F302E004339CA /* SampleUITests.xctest */;
			productType = "com.apple.product-type.bundle.ui-testing";
		};
/* End PBXNativeTarget section */

/* Begin PBXProject section */
		15004C6E239F302C004339CA /* Project object */ = {
			isa = PBXProject;
			attributes = {
				LastSwiftUpdateCheck = 0940;
				LastUpgradeCheck = 0940;
				ORGANIZATIONNAME = "Dwi Bonggo Pribadi";
				TargetAttributes = {
					15004C75239F302C004339CA = {
						CreatedOnToolsVersion = 9.4.1;
					};
					15004C89239F302E004339CA = {
						CreatedOnToolsVersion = 9.4.1;
						TestTargetID = 15004C75239F302C004339CA;
					};
					15004C94239F302E004339CA = {
						CreatedOnToolsVersion = 9.4.1;
						TestTargetID = 15004C75239F302C004339CA;
					};
				};
			};
			buildConfigurationList = 15004C71239F302C004339CA /* Build configuration list for PBXProject "Sample" */;
			compatibilityVersion = "Xcode 9.3";
			developmentRegion = en;
			hasScannedForEncodings = 0;
			knownRegions = (
				en,
				Base,
			);
			mainGroup = 15004C6D239F302C004339CA;
			productRefGroup = 15004C77239F302C004339CA /* Products */;
			projectDirPath = "";
			projectRoot = "";
			targets = (
				15004C75239F302C004339CA /* Sample */,
				15004C89239F302E004339CA /* SampleTests */,
				15004C94239F302E004339CA /* SampleUITests */,
			);
		};
/* End PBXProject section */

/* Begin PBXResourcesBuildPhase section */
		15004C74239F302C004339CA /* Resources */ = {
			isa = PBXResourcesBuildPhase;
			buildActionMask = 2147483647;
			files = (
				15004C84239F302E004339CA /* LaunchScreen.storyboard in Resources */,
				15004C81239F302E004339CA /* Assets.xcassets in Resources */,
				15004C7F239F302C004339CA /* Main.storyboard in Resources */,
			);
			runOnlyForDeploymentPostprocessing = 0;
		};
		15004C88239F302E004339CA /* Resources */ = {
			isa = PBXResourcesBuildPhase;
			buildActionMask = 2147483647;
			files = (
			);
			runOnlyForDeploymentPostprocessing = 0;
		};
		15004C93239F302E004339CA /* Resources */ = {
			isa = PBXResourcesBuildPhase;
			buildActionMask = 2147483647;
			files = (
			);
			runOnlyForDeploymentPostprocessing = 0;
		};
/* End PBXResourcesBuildPhase section */

/* Begin PBXSourcesBuildPhase section */
		15004C72239F302C004339CA /* Sources */ = {
			isa = PBXSourcesBuildPhase;
			buildActionMask = 2147483647;
			files = (
				15D4595723A0818A001B7C65 /* Meal.swift in Sources */,
				15004C7C239F302C004339CA /* ViewController.swift in Sources */,
				15004C7A239F302C004339CA /* AppDelegate.swift in Sources */,
				15004CA8239F551A004339CA /* RatingControler.swift in Sources */,
				15D4595B23A0A08E001B7C65 /* MealTableViewCell.swift in Sources */,
			);
			runOnlyForDeploymentPostprocessing = 0;
		};
		15004C86239F302E004339CA /* Sources */ = {
			isa = PBXSourcesBuildPhase;
			buildActionMask = 2147483647;
			files = (
				15004C8F239F302E004339CA /* SampleTests.swift in Sources */,
			);
			runOnlyForDeploymentPostprocessing = 0;
		};
		15004C91239F302E004339CA /* Sources */ = {
			isa = PBXSourcesBuildPhase;
			buildActionMask = 2147483647;
			files = (
				15004C9A239F302E004339CA /* SampleUITests.swift in Sources */,
			);
			runOnlyForDeploymentPostprocessing = 0;
		};
/* End PBXSourcesBuildPhase section */

/* Begin PBXTargetDependency section */
		15004C8C239F302E004339CA /* PBXTargetDependency */ = {
			isa = PBXTargetDependency;
			target = 15004C75239F302C004339CA /* Sample */;
			targetProxy = 15004C8B239F302E004339CA /* PBXContainerItemProxy */;
		};
		15004C97239F302E004339CA /* PBXTargetDependency */ = {
			isa = PBXTargetDependency;
			target = 15004C75239F302C004339CA /* Sample */;
			targetProxy = 15004C96239F302E004339CA /* PBXContainerItemProxy */;
		};
/* End PBXTargetDependency section */

/* Begin PBXVariantGroup section */
		15004C7D239F302C004339CA /* Main.storyboard */ = {
			isa = PBXVariantGroup;
			children = (
				15004C7E239F302C004339CA /* Base */,
			);
			name = Main.storyboard;
			sourceTree = "<group>";
		};
		15004C82239F302E004339CA /* LaunchScreen.storyboard */ = {
			isa = PBXVariantGroup;
			children = (
				15004C83239F302E004339CA /* Base */,
			);
			name = LaunchScreen.storyboard;
			sourceTree = "<group>";
		};
/* End PBXVariantGroup section */

/* Begin XCBuildConfiguration section */
		15004C9C239F302E004339CA /* Debug */ = {
			isa = XCBuildConfiguration;
			buildSettings = {
				ALWAYS_SEARCH_USER_PATHS = NO;
				CLANG_ANALYZER_NONNULL = YES;
				CLANG_ANALYZER_NUMBER_OBJECT_CONVERSION = YES_AGGRESSIVE;
				CLANG_CXX_LANGUAGE_STANDARD = "gnu++14";
				CLANG_CXX_LIBRARY = "libc++";
				CLANG_ENABLE_MODULES = YES;
				CLANG_ENABLE_OBJC_ARC = YES;
				CLANG_ENABLE_OBJC_WEAK = YES;
				CLANG_WARN_BLOCK_CAPTURE_AUTORELEASING = YES;
				CLANG_WARN_BOOL_CONVERSION = YES;
				CLANG_WARN_COMMA = YES;
				CLANG_WARN_CONSTANT_CONVERSION = YES;
				CLANG_WARN_DEPRECATED_OBJC_IMPLEMENTATIONS = YES;
				CLANG_WARN_DIRECT_OBJC_ISA_USAGE = YES_ERROR;
				CLANG_WARN_DOCUMENTATION_COMMENTS = YES;
				CLANG_WARN_EMPTY_BODY = YES;
				CLANG_WARN_ENUM_CONVERSION = YES;
				CLANG_WARN_INFINITE_RECURSION = YES;
				CLANG_WARN_INT_CONVERSION = YES;
				CLANG_WARN_NON_LITERAL_NULL_CONVERSION = YES;
				CLANG_WARN_OBJC_IMPLICIT_RETAIN_SELF = YES;
				CLANG_WARN_OBJC_LITERAL_CONVERSION = YES;
				CLANG_WARN_OBJC_ROOT_CLASS = YES_ERROR;
				CLANG_WARN_RANGE_LOOP_ANALYSIS = YES;
				CLANG_WARN_STRICT_PROTOTYPES = YES;
				CLANG_WARN_SUSPICIOUS_MOVE = YES;
				CLANG_WARN_UNGUARDED_AVAILABILITY = YES_AGGRESSIVE;
				CLANG_WARN_UNREACHABLE_CODE = YES;
				CLANG_WARN__DUPLICATE_METHOD_MATCH = YES;
				CODE_SIGN_IDENTITY = "iPhone Developer";
				COPY_PHASE_STRIP = NO;
				DEBUG_INFORMATION_FORMAT = dwarf;
				ENABLE_STRICT_OBJC_MSGSEND = YES;
				ENABLE_TESTABILITY = YES;
				GCC_C_LANGUAGE_STANDARD = gnu11;
				GCC_DYNAMIC_NO_PIC = NO;
				GCC_NO_COMMON_BLOCKS = YES;
				GCC_OPTIMIZATION_LEVEL = 0;
				GCC_PREPROCESSOR_DEFINITIONS = (
					"DEBUG=1",
					"$(inherited)",
				);
				GCC_WARN_64_TO_32_BIT_CONVERSION = YES;
				GCC_WARN_ABOUT_RETURN_TYPE = YES_ERROR;
				GCC_WARN_UNDECLARED_SELECTOR = YES;
				GCC_WARN_UNINITIALIZED_AUTOS = YES_AGGRESSIVE;
				GCC_WARN_UNUSED_FUNCTION = YES;
				GCC_WARN_UNUSED_VARIABLE = YES;
				IPHONEOS_DEPLOYMENT_TARGET = 11.4;
				MTL_ENABLE_DEBUG_INFO = YES;
				ONLY_ACTIVE_ARCH = YES;
				SDKROOT = iphoneos;
				SWIFT_ACTIVE_COMPILATION_CONDITIONS = DEBUG;
				SWIFT_OPTIMIZATION_LEVEL = "-Onone";
			};
			name = Debug;
		};
		15004C9D239F302E004339CA /* Release */ = {
			isa = XCBuildConfiguration;
			buildSettings = {
				ALWAYS_SEARCH_USER_PATHS = NO;
				CLANG_ANALYZER_NONNULL = YES;
				CLANG_ANALYZER_NUMBER_OBJECT_CONVERSION = YES_AGGRESSIVE;
				CLANG_CXX_LANGUAGE_STANDARD = "gnu++14";
				CLANG_CXX_LIBRARY = "libc++";
				CLANG_ENABLE_MODULES = YES;
				CLANG_ENABLE_OBJC_ARC = YES;
				CLANG_ENABLE_OBJC_WEAK = YES;
				CLANG_WARN_BLOCK_CAPTURE_AUTORELEASING = YES;
				CLANG_WARN_BOOL_CONVERSION = YES;
				CLANG_WARN_COMMA = YES;
				CLANG_WARN_CONSTANT_CONVERSION = YES;
				CLANG_WARN_DEPRECATED_OBJC_IMPLEMENTATIONS = YES;
				CLANG_WARN_DIRECT_OBJC_ISA_USAGE = YES_ERROR;
				CLANG_WARN_DOCUMENTATION_COMMENTS = YES;
				CLANG_WARN_EMPTY_BODY = YES;
				CLANG_WARN_ENUM_CONVERSION = YES;
				CLANG_WARN_INFINITE_RECURSION = YES;
				CLANG_WARN_INT_CONVERSION = YES;
				CLANG_WARN_NON_LITERAL_NULL_CONVERSION = YES;
				CLANG_WARN_OBJC_IMPLICIT_RETAIN_SELF = YES;
				CLANG_WARN_OBJC_LITERAL_CONVERSION = YES;
				CLANG_WARN_OBJC_ROOT_CLASS = YES_ERROR;
				CLANG_WARN_RANGE_LOOP_ANALYSIS = YES;
				CLANG_WARN_STRICT_PROTOTYPES = YES;
				CLANG_WARN_SUSPICIOUS_MOVE = YES;
				CLANG_WARN_UNGUARDED_AVAILABILITY = YES_AGGRESSIVE;
				CLANG_WARN_UNREACHABLE_CODE = YES;
				CLANG_WARN__DUPLICATE_METHOD_MATCH = YES;
				CODE_SIGN_IDENTITY = "iPhone Developer";
				COPY_PHASE_STRIP = NO;
				DEBUG_INFORMATION_FORMAT = "dwarf-with-dsym";
				ENABLE_NS_ASSERTIONS = NO;
				ENABLE_STRICT_OBJC_MSGSEND = YES;
				GCC_C_LANGUAGE_STANDARD = gnu11;
				GCC_NO_COMMON_BLOCKS = YES;
				GCC_WARN_64_TO_32_BIT_CONVERSION = YES;
				GCC_WARN_ABOUT_RETURN_TYPE = YES_ERROR;
				GCC_WARN_UNDECLARED_SELECTOR = YES;
				GCC_WARN_UNINITIALIZED_AUTOS = YES_AGGRESSIVE;
				GCC_WARN_UNUSED_FUNCTION = YES;
				GCC_WARN_UNUSED_VARIABLE = YES;
				IPHONEOS_DEPLOYMENT_TARGET = 11.4;
				MTL_ENABLE_DEBUG_INFO = NO;
				SDKROOT = iphoneos;
				SWIFT_COMPILATION_MODE = wholemodule;
				SWIFT_OPTIMIZATION_LEVEL = "-O";
				VALIDATE_PRODUCT = YES;
			};
			name = Release;
		};
		15004C9F239F302E004339CA /* Debug */ = {
			isa = XCBuildConfiguration;
			buildSettings = {
				ASSETCATALOG_COMPILER_APPICON_NAME = AppIcon;
				CODE_SIGN_STYLE = Automatic;
				INFOPLIST_FILE = Sample/Info.plist;
				LD_RUNPATH_SEARCH_PATHS = (
					"$(inherited)",
					"@executable_path/Frameworks",
				);
				PRODUCT_BUNDLE_IDENTIFIER = dwi.Sample;
				PRODUCT_NAME = "$(TARGET_NAME)";
				SWIFT_VERSION = 4.0;
				TARGETED_DEVICE_FAMILY = "1,2";
			};
			name = Debug;
		};
		15004CA0239F302E004339CA /* Release */ = {
			isa = XCBuildConfiguration;
			buildSettings = {
				ASSETCATALOG_COMPILER_APPICON_NAME = AppIcon;
				CODE_SIGN_STYLE = Automatic;
				INFOPLIST_FILE = Sample/Info.plist;
				LD_RUNPATH_SEARCH_PATHS = (
					"$(inherited)",
					"@executable_path/Frameworks",
				);
				PRODUCT_BUNDLE_IDENTIFIER = dwi.Sample;
				PRODUCT_NAME = "$(TARGET_NAME)";
				SWIFT_VERSION = 4.0;
				TARGETED_DEVICE_FAMILY = "1,2";
			};
			name = Release;
		};
		15004CA2239F302E004339CA /* Debug */ = {
			isa = XCBuildConfiguration;
			buildSettings = {
				ALWAYS_EMBED_SWIFT_STANDARD_LIBRARIES = YES;
				BUNDLE_LOADER = "$(TEST_HOST)";
				CODE_SIGN_STYLE = Automatic;
				INFOPLIST_FILE = SampleTests/Info.plist;
				LD_RUNPATH_SEARCH_PATHS = (
					"$(inherited)",
					"@executable_path/Frameworks",
					"@loader_path/Frameworks",
				);
				PRODUCT_BUNDLE_IDENTIFIER = dwi.SampleTests;
				PRODUCT_NAME = "$(TARGET_NAME)";
				SWIFT_VERSION = 4.0;
				TARGETED_DEVICE_FAMILY = "1,2";
				TEST_HOST = "$(BUILT_PRODUCTS_DIR)/Sample.app/Sample";
			};
			name = Debug;
		};
		15004CA3239F302E004339CA /* Release */ = {
			isa = XCBuildConfiguration;
			buildSettings = {
				ALWAYS_EMBED_SWIFT_STANDARD_LIBRARIES = YES;
				BUNDLE_LOADER = "$(TEST_HOST)";
				CODE_SIGN_STYLE = Automatic;
				INFOPLIST_FILE = SampleTests/Info.plist;
				LD_RUNPATH_SEARCH_PATHS = (
					"$(inherited)",
					"@executable_path/Frameworks",
					"@loader_path/Frameworks",
				);
				PRODUCT_BUNDLE_IDENTIFIER = dwi.SampleTests;
				PRODUCT_NAME = "$(TARGET_NAME)";
				SWIFT_VERSION = 4.0;
				TARGETED_DEVICE_FAMILY = "1,2";
				TEST_HOST = "$(BUILT_PRODUCTS_DIR)/Sample.app/Sample";
			};
			name = Release;
		};
		15004CA5239F302E004339CA /* Debug */ = {
			isa = XCBuildConfiguration;
			buildSettings = {
				ALWAYS_EMBED_SWIFT_STANDARD_LIBRARIES = YES;
				CODE_SIGN_STYLE = Automatic;
				INFOPLIST_FILE = SampleUITests/Info.plist;
				LD_RUNPATH_SEARCH_PATHS = (
					"$(inherited)",
					"@executable_path/Frameworks",
					"@loader_path/Frameworks",
				);
				PRODUCT_BUNDLE_IDENTIFIER = dwi.SampleUITests;
				PRODUCT_NAME = "$(TARGET_NAME)";
				SWIFT_VERSION = 4.0;
				TARGETED_DEVICE_FAMILY = "1,2";
				TEST_TARGET_NAME = Sample;
			};
			name = Debug;
		};
		15004CA6239F302E004339CA /* Release */ = {
			isa = XCBuildConfiguration;
			buildSettings = {
				ALWAYS_EMBED_SWIFT_STANDARD_LIBRARIES = YES;
				CODE_SIGN_STYLE = Automatic;
				INFOPLIST_FILE = SampleUITests/Info.plist;
				LD_RUNPATH_SEARCH_PATHS = (
					"$(inherited)",
					"@executable_path/Frameworks",
					"@loader_path/Frameworks",
				);
				PRODUCT_BUNDLE_IDENTIFIER = dwi.SampleUITests;
				PRODUCT_NAME = "$(TARGET_NAME)";
				SWIFT_VERSION = 4.0;
				TARGETED_DEVICE_FAMILY = "1,2";
				TEST_TARGET_NAME = Sample;
			};
			name = Release;
		};
/* End XCBuildConfiguration section */

/* Begin XCConfigurationList section */
		15004C71239F302C004339CA /* Build configuration list for PBXProject "Sample" */ = {
			isa = XCConfigurationList;
			buildConfigurations = (
				15004C9C239F302E004339CA /* Debug */,
				15004C9D239F302E004339CA /* Release */,
			);
			defaultConfigurationIsVisible = 0;
			defaultConfigurationName = Release;
		};
		15004C9E239F302E004339CA /* Build configuration list for PBXNativeTarget "Sample" */ = {
			isa = XCConfigurationList;
			buildConfigurations = (
				15004C9F239F302E004339CA /* Debug */,
				15004CA0239F302E004339CA /* Release */,
			);
			defaultConfigurationIsVisible = 0;
			defaultConfigurationName = Release;
		};
		15004CA1239F302E004339CA /* Build configuration list for PBXNativeTarget "SampleTests" */ = {
			isa = XCConfigurationList;
			buildConfigurations = (
				15004CA2239F302E004339CA /* Debug */,
				15004CA3239F302E004339CA /* Release */,
			);
			defaultConfigurationIsVisible = 0;
			defaultConfigurationName = Release;
		};
		15004CA4239F302E004339CA /* Build configuration list for PBXNativeTarget "SampleUITests" */ = {
			isa = XCConfigurationList;
			buildConfigurations = (
				15004CA5239F302E004339CA /* Debug */,
				15004CA6239F302E004339CA /* Release */,
			);
			defaultConfigurationIsVisible = 0;
			defaultConfigurationName = Release;
		};
/* End XCConfigurationList section */
	};
	rootObject = 15004C6E239F302C004339CA /* Project object */;
}
